
Microsoft Visual Studio Solution File, Format Version 12.00
# Visual Studio Version 17
VisualStudioVersion = 17.6.33829.357
MinimumVisualStudioVersion = 10.0.40219.1
Project("{9A19103F-16F7-4668-BE54-9A1E7A4F7556}") = "Aula01_Exercicio2", "Aula01_Exercicio2\Aula01_Exercicio2.csproj", "{EEE80C38-CFA1-44E5-A246-A091718A3F1D}"
EndProject
Project("{9A19103F-16F7-4668-BE54-9A1E7A4F7556}") = "Aula01_Exercicio3", "Aula01_Exercicio3\Aula01_Exercicio3.csproj", "{2AC2DFFF-7B9A-4E05-80E9-7AE5C6B221A9}"
EndProject
Project("{9A19103F-16F7-4668-BE54-9A1E7A4F7556}") = "Aula01_Exercicio4", "Aula01_Exercicio4\Aula01_Exercicio4.csproj", "{89355749-763B-42A3-920F-8E2C784C9D13}"
EndProject
Project("{9A19103F-16F7-4668-BE54-9A1E7A4F7556}") = "Aula01_Exercicio1", "Aula01_Exercicio1\Aula01_Exercicio1.csproj", "{8CC86798-8C29-4EE7-9755-609B41ABC706}"
EndProject
Project("{FAE04EC0-301F-11D3-BF4B-00C04F79EFBC}") = "Aula02_aula", "Aula02_aula\Aula02_aula.csproj", "{DF8576A7-CD6B-4D04-BB58-6179B6BF635C}"
EndProject
Global
	GlobalSection(SolutionConfigurationPlatforms) = preSolution
		Debug|Any CPU = Debug|Any CPU
		Release|Any CPU = Release|Any CPU
	EndGlobalSection
	GlobalSection(ProjectConfigurationPlatforms) = postSolution
		{EEE80C38-CFA1-44E5-A246-A091718A3F1D}.Debug|Any CPU.ActiveCfg = Debug|Any CPU
		{EEE80C38-CFA1-44E5-A246-A091718A3F1D}.Debug|Any CPU.Build.0 = Debug|Any CPU
		{EEE80C38-CFA1-44E5-A246-A091718A3F1D}.Release|Any CPU.ActiveCfg = Release|Any CPU
		{EEE80C38-CFA1-44E5-A246-A091718A3F1D}.Release|Any CPU.Build.0 = Release|Any CPU
		{2AC2DFFF-7B9A-4E05-80E9-7AE5C6B221A9}.Debug|Any CPU.ActiveCfg = Debug|Any CPU
		{2AC2DFFF-7B9A-4E05-80E9-7AE5C6B221A9}.Debug|Any CPU.Build.0 = Debug|Any CPU
		{2AC2DFFF-7B9A-4E05-80E9-7AE5C6B221A9}.Release|Any CPU.ActiveCfg = Release|Any CPU
		{2AC2DFFF-7B9A-4E05-80E9-7AE5C6B221A9}.Release|Any CPU.Build.0 = Release|Any CPU
		{89355749-763B-42A3-920F-8E2C784C9D13}.Debug|Any CPU.ActiveCfg = Debug|Any CPU
		{89355749-763B-42A3-920F-8E2C784C9D13}.Debug|Any CPU.Build.0 = Debug|Any CPU
		{89355749-763B-42A3-920F-8E2C784C9D13}.Release|Any CPU.ActiveCfg = Release|Any CPU
		{89355749-763B-42A3-920F-8E2C784C9D13}.Release|Any CPU.Build.0 = Release|Any CPU
		{8CC86798-8C29-4EE7-9755-609B41ABC706}.Debug|Any CPU.ActiveCfg = Debug|Any CPU
		{8CC86798-8C29-4EE7-9755-609B41ABC706}.Debug|Any CPU.Build.0 = Debug|Any CPU
		{8CC86798-8C29-4EE7-9755-609B41ABC706}.Release|Any CPU.ActiveCfg = Release|Any CPU
		{8CC86798-8C29-4EE7-9755-609B41ABC706}.Release|Any CPU.Build.0 = Release|Any CPU
		{DF8576A7-CD6B-4D04-BB58-6179B6BF635C}.Debug|Any CPU.ActiveCfg = Debug|Any CPU
		{DF8576A7-CD6B-4D04-BB58-6179B6BF635C}.Debug|Any CPU.Build.0 = Debug|Any CPU
		{DF8576A7-CD6B-4D04-BB58-6179B6BF635C}.Release|Any CPU.ActiveCfg = Release|Any CPU
		{DF8576A7-CD6B-4D04-BB58-6179B6BF635C}.Release|Any CPU.Build.0 = Release|Any CPU
	EndGlobalSection
	GlobalSection(SolutionProperties) = preSolution
		HideSolutionNode = FALSE
	EndGlobalSection
	GlobalSection(ExtensibilityGlobals) = postSolution
		SolutionGuid = {8E6FABE5-BE8C-4075-BCCD-C7F6D996CB74}
	EndGlobalSection
EndGlobal
