
Microsoft Visual Studio Solution File, Format Version 12.00
# Visual Studio Version 17
VisualStudioVersion = 17.6.33829.357
MinimumVisualStudioVersion = 10.0.40219.1
Project("{9A19103F-16F7-4668-BE54-9A1E7A4F7556}") = "Exercicio1", "Exercicio1\Exercicio1.csproj", "{A899DB33-9AD9-4E37-9EC4-CA2BD3F95F33}"
EndProject
Global
	GlobalSection(SolutionConfigurationPlatforms) = preSolution
		Debug|Any CPU = Debug|Any CPU
		Release|Any CPU = Release|Any CPU
	EndGlobalSection
	GlobalSection(ProjectConfigurationPlatforms) = postSolution
		{A899DB33-9AD9-4E37-9EC4-CA2BD3F95F33}.Debug|Any CPU.ActiveCfg = Debug|Any CPU
		{A899DB33-9AD9-4E37-9EC4-CA2BD3F95F33}.Debug|Any CPU.Build.0 = Debug|Any CPU
		{A899DB33-9AD9-4E37-9EC4-CA2BD3F95F33}.Release|Any CPU.ActiveCfg = Release|Any CPU
		{A899DB33-9AD9-4E37-9EC4-CA2BD3F95F33}.Release|Any CPU.Build.0 = Release|Any CPU
	EndGlobalSection
	GlobalSection(SolutionProperties) = preSolution
		HideSolutionNode = FALSE
	EndGlobalSection
	GlobalSection(ExtensibilityGlobals) = postSolution
		SolutionGuid = {2545D701-1EAD-481E-AC55-F56AA34406EA}
	EndGlobalSection
EndGlobal
